
Microsoft Visual Studio Solution File, Format Version 12.00
# Visual Studio Version 17
VisualStudioVersion = 17.5.33530.505
MinimumVisualStudioVersion = 10.0.40219.1
Project("{FAE04EC0-301F-11D3-BF4B-00C04F79EFBC}") = "IMGCompress", "IMGCompress.csproj", "{466B4662-EB71-4D42-84CD-6DB2C4F0394D}"
EndProject
Global
	GlobalSection(SolutionConfigurationPlatforms) = preSolution
		Debug|Any CPU = Debug|Any CPU
		Release|Any CPU = Release|Any CPU
	EndGlobalSection
	GlobalSection(ProjectConfigurationPlatforms) = postSolution
		{466B4662-EB71-4D42-84CD-6DB2C4F0394D}.Debug|Any CPU.ActiveCfg = Debug|Any CPU
		{466B4662-EB71-4D42-84CD-6DB2C4F0394D}.Debug|Any CPU.Build.0 = Debug|Any CPU
		{466B4662-EB71-4D42-84CD-6DB2C4F0394D}.Release|Any CPU.ActiveCfg = Release|Any CPU
		{466B4662-EB71-4D42-84CD-6DB2C4F0394D}.Release|Any CPU.Build.0 = Release|Any CPU
	EndGlobalSection
	GlobalSection(SolutionProperties) = preSolution
		HideSolutionNode = FALSE
	EndGlobalSection
	GlobalSection(ExtensibilityGlobals) = postSolution
		SolutionGuid = {8D0615BE-271D-4731-8A76-8FEE8E36281C}
	EndGlobalSection
EndGlobal
